// !$*UTF8*$!
{
	archiveVersion = 1;
	classes = {
	};
	objectVersion = 50;
	objects = {

/* Begin PBXBuildFile section */
		A7AEC2962097AEFA00CAE1E8 /* AppDelegate.swift in Sources */ = {isa = PBXBuildFile; fileRef = A7AEC2952097AEFA00CAE1E8 /* AppDelegate.swift */; };
		A7AEC29A2097AEFA00CAE1E8 /* Actions.sks in Resources */ = {isa = PBXBuildFile; fileRef = A7AEC2992097AEFA00CAE1E8 /* Actions.sks */; };
		A7AEC29C2097AEFA00CAE1E8 /* GameScene.swift in Sources */ = {isa = PBXBuildFile; fileRef = A7AEC29B2097AEFA00CAE1E8 /* GameScene.swift */; };
		A7AEC29E2097AEFA00CAE1E8 /* GameViewController.swift in Sources */ = {isa = PBXBuildFile; fileRef = A7AEC29D2097AEFA00CAE1E8 /* GameViewController.swift */; };
		A7AEC2A12097AEFA00CAE1E8 /* Main.storyboard in Resources */ = {isa = PBXBuildFile; fileRef = A7AEC29F2097AEFA00CAE1E8 /* Main.storyboard */; };
		A7AEC2A32097AEFD00CAE1E8 /* Assets.xcassets in Resources */ = {isa = PBXBuildFile; fileRef = A7AEC2A22097AEFD00CAE1E8 /* Assets.xcassets */; };
		A7AEC2A62097AEFD00CAE1E8 /* LaunchScreen.storyboard in Resources */ = {isa = PBXBuildFile; fileRef = A7AEC2A42097AEFD00CAE1E8 /* LaunchScreen.storyboard */; };
		A7AEC2B12097AEFD00CAE1E8 /* gettoknowTests.swift in Sources */ = {isa = PBXBuildFile; fileRef = A7AEC2B02097AEFD00CAE1E8 /* gettoknowTests.swift */; };
		A7AEC2BC2097AEFD00CAE1E8 /* gettoknowUITests.swift in Sources */ = {isa = PBXBuildFile; fileRef = A7AEC2BB2097AEFD00CAE1E8 /* gettoknowUITests.swift */; };
		A7AEC2C92097AF8600CAE1E8 /* GameScene.sks in Resources */ = {isa = PBXBuildFile; fileRef = A7AEC2CB2097AF8600CAE1E8 /* GameScene.sks */; };
		A7F737BA209A5FC400790147 /* bensound-buddy.mp3 in Resources */ = {isa = PBXBuildFile; fileRef = A7F737B9209A5FC400790147 /* bensound-buddy.mp3 */; };
/* End PBXBuildFile section */

/* Begin PBXContainerItemProxy section */
		A7AEC2AD2097AEFD00CAE1E8 /* PBXContainerItemProxy */ = {
			isa = PBXContainerItemProxy;
			containerPortal = A7AEC28A2097AEFA00CAE1E8 /* Project object */;
			proxyType = 1;
			remoteGlobalIDString = A7AEC2912097AEFA00CAE1E8;
			remoteInfo = gettoknow;
		};
		A7AEC2B82097AEFD00CAE1E8 /* PBXContainerItemProxy */ = {
			isa = PBXContainerItemProxy;
			containerPortal = A7AEC28A2097AEFA00CAE1E8 /* Project object */;
			proxyType = 1;
			remoteGlobalIDString = A7AEC2912097AEFA00CAE1E8;
			remoteInfo = gettoknow;
		};
/* End PBXContainerItemProxy section */

/* Begin PBXFileReference section */
		A7AEC2922097AEFA00CAE1E8 /* gettoknow.app */ = {isa = PBXFileReference; explicitFileType = wrapper.application; includeInIndex = 0; path = gettoknow.app; sourceTree = BUILT_PRODUCTS_DIR; };
		A7AEC2952097AEFA00CAE1E8 /* AppDelegate.swift */ = {isa = PBXFileReference; lastKnownFileType = sourcecode.swift; path = AppDelegate.swift; sourceTree = "<group>"; };
		A7AEC2992097AEFA00CAE1E8 /* Actions.sks */ = {isa = PBXFileReference; lastKnownFileType = file.sks; path = Actions.sks; sourceTree = "<group>"; };
		A7AEC29B2097AEFA00CAE1E8 /* GameScene.swift */ = {isa = PBXFileReference; lastKnownFileType = sourcecode.swift; path = GameScene.swift; sourceTree = "<group>"; };
		A7AEC29D2097AEFA00CAE1E8 /* GameViewController.swift */ = {isa = PBXFileReference; lastKnownFileType = sourcecode.swift; path = GameViewController.swift; sourceTree = "<group>"; };
		A7AEC2A02097AEFA00CAE1E8 /* Base */ = {isa = PBXFileReference; lastKnownFileType = file.storyboard; name = Base; path = Base.lproj/Main.storyboard; sourceTree = "<group>"; };
		A7AEC2A22097AEFD00CAE1E8 /* Assets.xcassets */ = {isa = PBXFileReference; lastKnownFileType = folder.assetcatalog; path = Assets.xcassets; sourceTree = "<group>"; };
		A7AEC2A52097AEFD00CAE1E8 /* Base */ = {isa = PBXFileReference; lastKnownFileType = file.storyboard; name = Base; path = Base.lproj/LaunchScreen.storyboard; sourceTree = "<group>"; };
		A7AEC2A72097AEFD00CAE1E8 /* Info.plist */ = {isa = PBXFileReference; lastKnownFileType = text.plist.xml; path = Info.plist; sourceTree = "<group>"; };
		A7AEC2AC2097AEFD00CAE1E8 /* gettoknowTests.xctest */ = {isa = PBXFileReference; explicitFileType = wrapper.cfbundle; includeInIndex = 0; path = gettoknowTests.xctest; sourceTree = BUILT_PRODUCTS_DIR; };
		A7AEC2B02097AEFD00CAE1E8 /* gettoknowTests.swift */ = {isa = PBXFileReference; lastKnownFileType = sourcecode.swift; path = gettoknowTests.swift; sourceTree = "<group>"; };
		A7AEC2B22097AEFD00CAE1E8 /* Info.plist */ = {isa = PBXFileReference; lastKnownFileType = text.plist.xml; path = Info.plist; sourceTree = "<group>"; };
		A7AEC2B72097AEFD00CAE1E8 /* gettoknowUITests.xctest */ = {isa = PBXFileReference; explicitFileType = wrapper.cfbundle; includeInIndex = 0; path = gettoknowUITests.xctest; sourceTree = BUILT_PRODUCTS_DIR; };
		A7AEC2BB2097AEFD00CAE1E8 /* gettoknowUITests.swift */ = {isa = PBXFileReference; lastKnownFileType = sourcecode.swift; path = gettoknowUITests.swift; sourceTree = "<group>"; };
		A7AEC2BD2097AEFD00CAE1E8 /* Info.plist */ = {isa = PBXFileReference; lastKnownFileType = text.plist.xml; path = Info.plist; sourceTree = "<group>"; };
		A7AEC2CA2097AF8600CAE1E8 /* Base */ = {isa = PBXFileReference; lastKnownFileType = file.sks; name = Base; path = Base.lproj/GameScene.sks; sourceTree = "<group>"; };
		A7F737B9209A5FC400790147 /* bensound-buddy.mp3 */ = {isa = PBXFileReference; lastKnownFileType = audio.mp3; name = "bensound-buddy.mp3"; path = "gettoknow/Assets.xcassets/bensound-buddy.mp3"; sourceTree = "<group>"; };
/* End PBXFileReference section */

/* Begin PBXFrameworksBuildPhase section */
		A7AEC28F2097AEFA00CAE1E8 /* Frameworks */ = {
			isa = PBXFrameworksBuildPhase;
			buildActionMask = 2147483647;
			files = (
			);
			runOnlyForDeploymentPostprocessing = 0;
		};
		A7AEC2A92097AEFD00CAE1E8 /* Frameworks */ = {
			isa = PBXFrameworksBuildPhase;
			buildActionMask = 2147483647;
			files = (
			);
			runOnlyForDeploymentPostprocessing = 0;
		};
		A7AEC2B42097AEFD00CAE1E8 /* Frameworks */ = {
			isa = PBXFrameworksBuildPhase;
			buildActionMask = 2147483647;
			files = (
			);
			runOnlyForDeploymentPostprocessing = 0;
		};
/* End PBXFrameworksBuildPhase section */

/* Begin PBXGroup section */
		A7AEC2892097AEFA00CAE1E8 = {
			isa = PBXGroup;
			children = (
				A7AEC2942097AEFA00CAE1E8 /* gettoknow */,
				A7AEC2AF2097AEFD00CAE1E8 /* gettoknowTests */,
				A7AEC2BA2097AEFD00CAE1E8 /* gettoknowUITests */,
				A7AEC2932097AEFA00CAE1E8 /* Products */,
				A7F737B9209A5FC400790147 /* bensound-buddy.mp3 */,
			);
			sourceTree = "<group>";
		};
		A7AEC2932097AEFA00CAE1E8 /* Products */ = {
			isa = PBXGroup;
			children = (
				A7AEC2922097AEFA00CAE1E8 /* gettoknow.app */,
				A7AEC2AC2097AEFD00CAE1E8 /* gettoknowTests.xctest */,
				A7AEC2B72097AEFD00CAE1E8 /* gettoknowUITests.xctest */,
			);
			name = Products;
			sourceTree = "<group>";
		};
		A7AEC2942097AEFA00CAE1E8 /* gettoknow */ = {
			isa = PBXGroup;
			children = (
				A7AEC2952097AEFA00CAE1E8 /* AppDelegate.swift */,
				A7AEC2CB2097AF8600CAE1E8 /* GameScene.sks */,
				A7AEC2992097AEFA00CAE1E8 /* Actions.sks */,
				A7AEC29B2097AEFA00CAE1E8 /* GameScene.swift */,
				A7AEC29D2097AEFA00CAE1E8 /* GameViewController.swift */,
				A7AEC29F2097AEFA00CAE1E8 /* Main.storyboard */,
				A7AEC2A22097AEFD00CAE1E8 /* Assets.xcassets */,
				A7AEC2A42097AEFD00CAE1E8 /* LaunchScreen.storyboard */,
				A7AEC2A72097AEFD00CAE1E8 /* Info.plist */,
			);
			path = gettoknow;
			sourceTree = "<group>";
		};
		A7AEC2AF2097AEFD00CAE1E8 /* gettoknowTests */ = {
			isa = PBXGroup;
			children = (
				A7AEC2B02097AEFD00CAE1E8 /* gettoknowTests.swift */,
				A7AEC2B22097AEFD00CAE1E8 /* Info.plist */,
			);
			path = gettoknowTests;
			sourceTree = "<group>";
		};
		A7AEC2BA2097AEFD00CAE1E8 /* gettoknowUITests */ = {
			isa = PBXGroup;
			children = (
				A7AEC2BB2097AEFD00CAE1E8 /* gettoknowUITests.swift */,
				A7AEC2BD2097AEFD00CAE1E8 /* Info.plist */,
			);
			path = gettoknowUITests;
			sourceTree = "<group>";
		};
/* End PBXGroup section */

/* Begin PBXNativeTarget section */
		A7AEC2912097AEFA00CAE1E8 /* gettoknow */ = {
			isa = PBXNativeTarget;
			buildConfigurationList = A7AEC2C02097AEFD00CAE1E8 /* Build configuration list for PBXNativeTarget "gettoknow" */;
			buildPhases = (
				A7AEC28E2097AEFA00CAE1E8 /* Sources */,
				A7AEC28F2097AEFA00CAE1E8 /* Frameworks */,
				A7AEC2902097AEFA00CAE1E8 /* Resources */,
			);
			buildRules = (
			);
			dependencies = (
			);
			name = gettoknow;
			productName = gettoknow;
			productReference = A7AEC2922097AEFA00CAE1E8 /* gettoknow.app */;
			productType = "com.apple.product-type.application";
		};
		A7AEC2AB2097AEFD00CAE1E8 /* gettoknowTests */ = {
			isa = PBXNativeTarget;
			buildConfigurationList = A7AEC2C32097AEFD00CAE1E8 /* Build configuration list for PBXNativeTarget "gettoknowTests" */;
			buildPhases = (
				A7AEC2A82097AEFD00CAE1E8 /* Sources */,
				A7AEC2A92097AEFD00CAE1E8 /* Frameworks */,
				A7AEC2AA2097AEFD00CAE1E8 /* Resources */,
			);
			buildRules = (
			);
			dependencies = (
				A7AEC2AE2097AEFD00CAE1E8 /* PBXTargetDependency */,
			);
			name = gettoknowTests;
			productName = gettoknowTests;
			productReference = A7AEC2AC2097AEFD00CAE1E8 /* gettoknowTests.xctest */;
			productType = "com.apple.product-type.bundle.unit-test";
		};
		A7AEC2B62097AEFD00CAE1E8 /* gettoknowUITests */ = {
			isa = PBXNativeTarget;
			buildConfigurationList = A7AEC2C62097AEFD00CAE1E8 /* Build configuration list for PBXNativeTarget "gettoknowUITests" */;
			buildPhases = (
				A7AEC2B32097AEFD00CAE1E8 /* Sources */,
				A7AEC2B42097AEFD00CAE1E8 /* Frameworks */,
				A7AEC2B52097AEFD00CAE1E8 /* Resources */,
			);
			buildRules = (
			);
			dependencies = (
				A7AEC2B92097AEFD00CAE1E8 /* PBXTargetDependency */,
			);
			name = gettoknowUITests;
			productName = gettoknowUITests;
			productReference = A7AEC2B72097AEFD00CAE1E8 /* gettoknowUITests.xctest */;
			productType = "com.apple.product-type.bundle.ui-testing";
		};
/* End PBXNativeTarget section */

/* Begin PBXProject section */
		A7AEC28A2097AEFA00CAE1E8 /* Project object */ = {
			isa = PBXProject;
			attributes = {
				LastSwiftUpdateCheck = 0930;
				LastUpgradeCheck = 0930;
				ORGANIZATIONNAME = "Pål Joakimsen";
				TargetAttributes = {
					A7AEC2912097AEFA00CAE1E8 = {
						CreatedOnToolsVersion = 9.3;
					};
					A7AEC2AB2097AEFD00CAE1E8 = {
						CreatedOnToolsVersion = 9.3;
						TestTargetID = A7AEC2912097AEFA00CAE1E8;
					};
					A7AEC2B62097AEFD00CAE1E8 = {
						CreatedOnToolsVersion = 9.3;
						TestTargetID = A7AEC2912097AEFA00CAE1E8;
					};
				};
			};
			buildConfigurationList = A7AEC28D2097AEFA00CAE1E8 /* Build configuration list for PBXProject "gettoknow" */;
			compatibilityVersion = "Xcode 9.3";
			developmentRegion = en;
			hasScannedForEncodings = 0;
			knownRegions = (
				en,
				Base,
			);
			mainGroup = A7AEC2892097AEFA00CAE1E8;
			productRefGroup = A7AEC2932097AEFA00CAE1E8 /* Products */;
			projectDirPath = "";
			projectRoot = "";
			targets = (
				A7AEC2912097AEFA00CAE1E8 /* gettoknow */,
				A7AEC2AB2097AEFD00CAE1E8 /* gettoknowTests */,
				A7AEC2B62097AEFD00CAE1E8 /* gettoknowUITests */,
			);
		};
/* End PBXProject section */

/* Begin PBXResourcesBuildPhase section */
		A7AEC2902097AEFA00CAE1E8 /* Resources */ = {
			isa = PBXResourcesBuildPhase;
			buildActionMask = 2147483647;
			files = (
				A7AEC2A12097AEFA00CAE1E8 /* Main.storyboard in Resources */,
				A7AEC2C92097AF8600CAE1E8 /* GameScene.sks in Resources */,
				A7AEC2A32097AEFD00CAE1E8 /* Assets.xcassets in Resources */,
				A7F737BA209A5FC400790147 /* bensound-buddy.mp3 in Resources */,
				A7AEC2A62097AEFD00CAE1E8 /* LaunchScreen.storyboard in Resources */,
				A7AEC29A2097AEFA00CAE1E8 /* Actions.sks in Resources */,
			);
			runOnlyForDeploymentPostprocessing = 0;
		};
		A7AEC2AA2097AEFD00CAE1E8 /* Resources */ = {
			isa = PBXResourcesBuildPhase;
			buildActionMask = 2147483647;
			files = (
			);
			runOnlyForDeploymentPostprocessing = 0;
		};
		A7AEC2B52097AEFD00CAE1E8 /* Resources */ = {
			isa = PBXResourcesBuildPhase;
			buildActionMask = 2147483647;
			files = (
			);
			runOnlyForDeploymentPostprocessing = 0;
		};
/* End PBXResourcesBuildPhase section */

/* Begin PBXSourcesBuildPhase section */
		A7AEC28E2097AEFA00CAE1E8 /* Sources */ = {
			isa = PBXSourcesBuildPhase;
			buildActionMask = 2147483647;
			files = (
				A7AEC29C2097AEFA00CAE1E8 /* GameScene.swift in Sources */,
				A7AEC29E2097AEFA00CAE1E8 /* GameViewController.swift in Sources */,
				A7AEC2962097AEFA00CAE1E8 /* AppDelegate.swift in Sources */,
			);
			runOnlyForDeploymentPostprocessing = 0;
		};
		A7AEC2A82097AEFD00CAE1E8 /* Sources */ = {
			isa = PBXSourcesBuildPhase;
			buildActionMask = 2147483647;
			files = (
				A7AEC2B12097AEFD00CAE1E8 /* gettoknowTests.swift in Sources */,
			);
			runOnlyForDeploymentPostprocessing = 0;
		};
		A7AEC2B32097AEFD00CAE1E8 /* Sources */ = {
			isa = PBXSourcesBuildPhase;
			buildActionMask = 2147483647;
			files = (
				A7AEC2BC2097AEFD00CAE1E8 /* gettoknowUITests.swift in Sources */,
			);
			runOnlyForDeploymentPostprocessing = 0;
		};
/* End PBXSourcesBuildPhase section */

/* Begin PBXTargetDependency section */
		A7AEC2AE2097AEFD00CAE1E8 /* PBXTargetDependency */ = {
			isa = PBXTargetDependency;
			target = A7AEC2912097AEFA00CAE1E8 /* gettoknow */;
			targetProxy = A7AEC2AD2097AEFD00CAE1E8 /* PBXContainerItemProxy */;
		};
		A7AEC2B92097AEFD00CAE1E8 /* PBXTargetDependency */ = {
			isa = PBXTargetDependency;
			target = A7AEC2912097AEFA00CAE1E8 /* gettoknow */;
			targetProxy = A7AEC2B82097AEFD00CAE1E8 /* PBXContainerItemProxy */;
		};
/* End PBXTargetDependency section */

/* Begin PBXVariantGroup section */
		A7AEC29F2097AEFA00CAE1E8 /* Main.storyboard */ = {
			isa = PBXVariantGroup;
			children = (
				A7AEC2A02097AEFA00CAE1E8 /* Base */,
			);
			name = Main.storyboard;
			sourceTree = "<group>";
		};
		A7AEC2A42097AEFD00CAE1E8 /* LaunchScreen.storyboard */ = {
			isa = PBXVariantGroup;
			children = (
				A7AEC2A52097AEFD00CAE1E8 /* Base */,
			);
			name = LaunchScreen.storyboard;
			sourceTree = "<group>";
		};
		A7AEC2CB2097AF8600CAE1E8 /* GameScene.sks */ = {
			isa = PBXVariantGroup;
			children = (
				A7AEC2CA2097AF8600CAE1E8 /* Base */,
			);
			name = GameScene.sks;
			sourceTree = "<group>";
		};
/* End PBXVariantGroup section */

/* Begin XCBuildConfiguration section */
		A7AEC2BE2097AEFD00CAE1E8 /* Debug */ = {
			isa = XCBuildConfiguration;
			buildSettings = {
				ALWAYS_SEARCH_USER_PATHS = NO;
				CLANG_ANALYZER_NONNULL = YES;
				CLANG_ANALYZER_NUMBER_OBJECT_CONVERSION = YES_AGGRESSIVE;
				CLANG_CXX_LANGUAGE_STANDARD = "gnu++14";
				CLANG_CXX_LIBRARY = "libc++";
				CLANG_ENABLE_MODULES = YES;
				CLANG_ENABLE_OBJC_ARC = YES;
				CLANG_ENABLE_OBJC_WEAK = YES;
				CLANG_WARN_BLOCK_CAPTURE_AUTORELEASING = YES;
				CLANG_WARN_BOOL_CONVERSION = YES;
				CLANG_WARN_COMMA = YES;
				CLANG_WARN_CONSTANT_CONVERSION = YES;
				CLANG_WARN_DEPRECATED_OBJC_IMPLEMENTATIONS = YES;
				CLANG_WARN_DIRECT_OBJC_ISA_USAGE = YES_ERROR;
				CLANG_WARN_DOCUMENTATION_COMMENTS = YES;
				CLANG_WARN_EMPTY_BODY = YES;
				CLANG_WARN_ENUM_CONVERSION = YES;
				CLANG_WARN_INFINITE_RECURSION = YES;
				CLANG_WARN_INT_CONVERSION = YES;
				CLANG_WARN_NON_LITERAL_NULL_CONVERSION = YES;
				CLANG_WARN_OBJC_IMPLICIT_RETAIN_SELF = YES;
				CLANG_WARN_OBJC_LITERAL_CONVERSION = YES;
				CLANG_WARN_OBJC_ROOT_CLASS = YES_ERROR;
				CLANG_WARN_RANGE_LOOP_ANALYSIS = YES;
				CLANG_WARN_STRICT_PROTOTYPES = YES;
				CLANG_WARN_SUSPICIOUS_MOVE = YES;
				CLANG_WARN_UNGUARDED_AVAILABILITY = YES_AGGRESSIVE;
				CLANG_WARN_UNREACHABLE_CODE = YES;
				CLANG_WARN__DUPLICATE_METHOD_MATCH = YES;
				CODE_SIGN_IDENTITY = "iPhone Developer";
				COPY_PHASE_STRIP = NO;
				DEBUG_INFORMATION_FORMAT = dwarf;
				ENABLE_STRICT_OBJC_MSGSEND = YES;
				ENABLE_TESTABILITY = YES;
				GCC_C_LANGUAGE_STANDARD = gnu11;
				GCC_DYNAMIC_NO_PIC = NO;
				GCC_NO_COMMON_BLOCKS = YES;
				GCC_OPTIMIZATION_LEVEL = 0;
				GCC_PREPROCESSOR_DEFINITIONS = (
					"DEBUG=1",
					"$(inherited)",
				);
				GCC_WARN_64_TO_32_BIT_CONVERSION = YES;
				GCC_WARN_ABOUT_RETURN_TYPE = YES_ERROR;
				GCC_WARN_UNDECLARED_SELECTOR = YES;
				GCC_WARN_UNINITIALIZED_AUTOS = YES_AGGRESSIVE;
				GCC_WARN_UNUSED_FUNCTION = YES;
				GCC_WARN_UNUSED_VARIABLE = YES;
				IPHONEOS_DEPLOYMENT_TARGET = 11.3;
				MTL_ENABLE_DEBUG_INFO = YES;
				ONLY_ACTIVE_ARCH = YES;
				SDKROOT = iphoneos;
				SWIFT_ACTIVE_COMPILATION_CONDITIONS = DEBUG;
				SWIFT_OPTIMIZATION_LEVEL = "-Onone";
			};
			name = Debug;
		};
		A7AEC2BF2097AEFD00CAE1E8 /* Release */ = {
			isa = XCBuildConfiguration;
			buildSettings = {
				ALWAYS_SEARCH_USER_PATHS = NO;
				CLANG_ANALYZER_NONNULL = YES;
				CLANG_ANALYZER_NUMBER_OBJECT_CONVERSION = YES_AGGRESSIVE;
				CLANG_CXX_LANGUAGE_STANDARD = "gnu++14";
				CLANG_CXX_LIBRARY = "libc++";
				CLANG_ENABLE_MODULES = YES;
				CLANG_ENABLE_OBJC_ARC = YES;
				CLANG_ENABLE_OBJC_WEAK = YES;
				CLANG_WARN_BLOCK_CAPTURE_AUTORELEASING = YES;
				CLANG_WARN_BOOL_CONVERSION = YES;
				CLANG_WARN_COMMA = YES;
				CLANG_WARN_CONSTANT_CONVERSION = YES;
				CLANG_WARN_DEPRECATED_OBJC_IMPLEMENTATIONS = YES;
				CLANG_WARN_DIRECT_OBJC_ISA_USAGE = YES_ERROR;
				CLANG_WARN_DOCUMENTATION_COMMENTS = YES;
				CLANG_WARN_EMPTY_BODY = YES;
				CLANG_WARN_ENUM_CONVERSION = YES;
				CLANG_WARN_INFINITE_RECURSION = YES;
				CLANG_WARN_INT_CONVERSION = YES;
				CLANG_WARN_NON_LITERAL_NULL_CONVERSION = YES;
				CLANG_WARN_OBJC_IMPLICIT_RETAIN_SELF = YES;
				CLANG_WARN_OBJC_LITERAL_CONVERSION = YES;
				CLANG_WARN_OBJC_ROOT_CLASS = YES_ERROR;
				CLANG_WARN_RANGE_LOOP_ANALYSIS = YES;
				CLANG_WARN_STRICT_PROTOTYPES = YES;
				CLANG_WARN_SUSPICIOUS_MOVE = YES;
				CLANG_WARN_UNGUARDED_AVAILABILITY = YES_AGGRESSIVE;
				CLANG_WARN_UNREACHABLE_CODE = YES;
				CLANG_WARN__DUPLICATE_METHOD_MATCH = YES;
				CODE_SIGN_IDENTITY = "iPhone Developer";
				COPY_PHASE_STRIP = NO;
				DEBUG_INFORMATION_FORMAT = "dwarf-with-dsym";
				ENABLE_NS_ASSERTIONS = NO;
				ENABLE_STRICT_OBJC_MSGSEND = YES;
				GCC_C_LANGUAGE_STANDARD = gnu11;
				GCC_NO_COMMON_BLOCKS = YES;
				GCC_WARN_64_TO_32_BIT_CONVERSION = YES;
				GCC_WARN_ABOUT_RETURN_TYPE = YES_ERROR;
				GCC_WARN_UNDECLARED_SELECTOR = YES;
				GCC_WARN_UNINITIALIZED_AUTOS = YES_AGGRESSIVE;
				GCC_WARN_UNUSED_FUNCTION = YES;
				GCC_WARN_UNUSED_VARIABLE = YES;
				IPHONEOS_DEPLOYMENT_TARGET = 11.3;
				MTL_ENABLE_DEBUG_INFO = NO;
				SDKROOT = iphoneos;
				SWIFT_COMPILATION_MODE = wholemodule;
				SWIFT_OPTIMIZATION_LEVEL = "-O";
				VALIDATE_PRODUCT = YES;
			};
			name = Release;
		};
		A7AEC2C12097AEFD00CAE1E8 /* Debug */ = {
			isa = XCBuildConfiguration;
			buildSettings = {
				ASSETCATALOG_COMPILER_APPICON_NAME = AppIcon;
				CODE_SIGN_IDENTITY = "iPhone Developer";
				CODE_SIGN_STYLE = Automatic;
				DEVELOPMENT_TEAM = KU59U2XJAT;
				INFOPLIST_FILE = gettoknow/Info.plist;
				LD_RUNPATH_SEARCH_PATHS = (
					"$(inherited)",
					"@executable_path/Frameworks",
				);
				PRODUCT_BUNDLE_IDENTIFIER = no.joakimsen.learningcolors;
				PRODUCT_NAME = "$(TARGET_NAME)";
				PROVISIONING_PROFILE_SPECIFIER = "";
				SWIFT_VERSION = 4.0;
				TARGETED_DEVICE_FAMILY = "1,2";
			};
			name = Debug;
		};
		A7AEC2C22097AEFD00CAE1E8 /* Release */ = {
			isa = XCBuildConfiguration;
			buildSettings = {
				ASSETCATALOG_COMPILER_APPICON_NAME = AppIcon;
				CODE_SIGN_IDENTITY = "iPhone Developer";
				CODE_SIGN_STYLE = Automatic;
				DEVELOPMENT_TEAM = KU59U2XJAT;
				INFOPLIST_FILE = gettoknow/Info.plist;
				LD_RUNPATH_SEARCH_PATHS = (
					"$(inherited)",
					"@executable_path/Frameworks",
				);
				PRODUCT_BUNDLE_IDENTIFIER = no.joakimsen.learningcolors;
				PRODUCT_NAME = "$(TARGET_NAME)";
				PROVISIONING_PROFILE_SPECIFIER = "";
				SWIFT_VERSION = 4.0;
				TARGETED_DEVICE_FAMILY = "1,2";
			};
			name = Release;
		};
		A7AEC2C42097AEFD00CAE1E8 /* Debug */ = {
			isa = XCBuildConfiguration;
			buildSettings = {
				ALWAYS_EMBED_SWIFT_STANDARD_LIBRARIES = YES;
				BUNDLE_LOADER = "$(TEST_HOST)";
				CODE_SIGN_STYLE = Automatic;
				DEVELOPMENT_TEAM = W7GPW8VY7H;
				INFOPLIST_FILE = gettoknowTests/Info.plist;
				LD_RUNPATH_SEARCH_PATHS = (
					"$(inherited)",
					"@executable_path/Frameworks",
					"@loader_path/Frameworks",
				);
				PRODUCT_BUNDLE_IDENTIFIER = joakimsen.gettoknowTests;
				PRODUCT_NAME = "$(TARGET_NAME)";
				SWIFT_VERSION = 4.0;
				TARGETED_DEVICE_FAMILY = "1,2";
				TEST_HOST = "$(BUILT_PRODUCTS_DIR)/gettoknow.app/gettoknow";
			};
			name = Debug;
		};
		A7AEC2C52097AEFD00CAE1E8 /* Release */ = {
			isa = XCBuildConfiguration;
			buildSettings = {
				ALWAYS_EMBED_SWIFT_STANDARD_LIBRARIES = YES;
				BUNDLE_LOADER = "$(TEST_HOST)";
				CODE_SIGN_STYLE = Automatic;
				DEVELOPMENT_TEAM = W7GPW8VY7H;
				INFOPLIST_FILE = gettoknowTests/Info.plist;
				LD_RUNPATH_SEARCH_PATHS = (
					"$(inherited)",
					"@executable_path/Frameworks",
					"@loader_path/Frameworks",
				);
				PRODUCT_BUNDLE_IDENTIFIER = joakimsen.gettoknowTests;
				PRODUCT_NAME = "$(TARGET_NAME)";
				SWIFT_VERSION = 4.0;
				TARGETED_DEVICE_FAMILY = "1,2";
				TEST_HOST = "$(BUILT_PRODUCTS_DIR)/gettoknow.app/gettoknow";
			};
			name = Release;
		};
		A7AEC2C72097AEFD00CAE1E8 /* Debug */ = {
			isa = XCBuildConfiguration;
			buildSettings = {
				ALWAYS_EMBED_SWIFT_STANDARD_LIBRARIES = YES;
				CODE_SIGN_STYLE = Automatic;
				DEVELOPMENT_TEAM = W7GPW8VY7H;
				INFOPLIST_FILE = gettoknowUITests/Info.plist;
				LD_RUNPATH_SEARCH_PATHS = (
					"$(inherited)",
					"@executable_path/Frameworks",
					"@loader_path/Frameworks",
				);
				PRODUCT_BUNDLE_IDENTIFIER = joakimsen.gettoknowUITests;
				PRODUCT_NAME = "$(TARGET_NAME)";
				SWIFT_VERSION = 4.0;
				TARGETED_DEVICE_FAMILY = "1,2";
				TEST_TARGET_NAME = gettoknow;
			};
			name = Debug;
		};
		A7AEC2C82097AEFD00CAE1E8 /* Release */ = {
			isa = XCBuildConfiguration;
			buildSettings = {
				ALWAYS_EMBED_SWIFT_STANDARD_LIBRARIES = YES;
				CODE_SIGN_STYLE = Automatic;
				DEVELOPMENT_TEAM = W7GPW8VY7H;
				INFOPLIST_FILE = gettoknowUITests/Info.plist;
				LD_RUNPATH_SEARCH_PATHS = (
					"$(inherited)",
					"@executable_path/Frameworks",
					"@loader_path/Frameworks",
				);
				PRODUCT_BUNDLE_IDENTIFIER = joakimsen.gettoknowUITests;
				PRODUCT_NAME = "$(TARGET_NAME)";
				SWIFT_VERSION = 4.0;
				TARGETED_DEVICE_FAMILY = "1,2";
				TEST_TARGET_NAME = gettoknow;
			};
			name = Release;
		};
/* End XCBuildConfiguration section */

/* Begin XCConfigurationList section */
		A7AEC28D2097AEFA00CAE1E8 /* Build configuration list for PBXProject "gettoknow" */ = {
			isa = XCConfigurationList;
			buildConfigurations = (
				A7AEC2BE2097AEFD00CAE1E8 /* Debug */,
				A7AEC2BF2097AEFD00CAE1E8 /* Release */,
			);
			defaultConfigurationIsVisible = 0;
			defaultConfigurationName = Release;
		};
		A7AEC2C02097AEFD00CAE1E8 /* Build configuration list for PBXNativeTarget "gettoknow" */ = {
			isa = XCConfigurationList;
			buildConfigurations = (
				A7AEC2C12097AEFD00CAE1E8 /* Debug */,
				A7AEC2C22097AEFD00CAE1E8 /* Release */,
			);
			defaultConfigurationIsVisible = 0;
			defaultConfigurationName = Release;
		};
		A7AEC2C32097AEFD00CAE1E8 /* Build configuration list for PBXNativeTarget "gettoknowTests" */ = {
			isa = XCConfigurationList;
			buildConfigurations = (
				A7AEC2C42097AEFD00CAE1E8 /* Debug */,
				A7AEC2C52097AEFD00CAE1E8 /* Release */,
			);
			defaultConfigurationIsVisible = 0;
			defaultConfigurationName = Release;
		};
		A7AEC2C62097AEFD00CAE1E8 /* Build configuration list for PBXNativeTarget "gettoknowUITests" */ = {
			isa = XCConfigurationList;
			buildConfigurations = (
				A7AEC2C72097AEFD00CAE1E8 /* Debug */,
				A7AEC2C82097AEFD00CAE1E8 /* Release */,
			);
			defaultConfigurationIsVisible = 0;
			defaultConfigurationName = Release;
		};
/* End XCConfigurationList section */
	};
	rootObject = A7AEC28A2097AEFA00CAE1E8 /* Project object */;
}
